{
  "name": "wx-request-v2",
  "version": "1.0.0",
  "lockfileVersion": 1,
  "requires": true,
  "dependencies": {
    "@clevok/compose": {
      "version": "0.0.1",
      "resolved": "http://192.168.0.15:4873/@clevok%2fcompose/-/compose-0.0.1.tgz",
      "integrity": "sha512-Ysv16AjiJGtm1TSvDPqn98r5cvdpgtVTMF5ygClsXZIi7/dMffRSKM5hJSjRHgG2nwvWsRf72giEfm6wBXHXqA=="
    },
    "@clevok/message": {
      "version": "0.0.1",
      "resolved": "http://192.168.0.15:4873/@clevok%2fmessage/-/message-0.0.1.tgz",
      "integrity": "sha512-W5bZgONpKHDVuy3YFn0JxRsJh/3DJbMYqs9Zn8vCBylIzwc/s0kOHouc5VvsSnkaghBrpjGj5v0T3G5VxB8iVw=="
    },
    "@clevok/task-queue": {
      "version": "0.0.1",
      "resolved": "http://192.168.0.15:4873/@clevok%2ftask-queue/-/task-queue-0.0.1.tgz",
      "integrity": "sha512-gXm0jNR6rYnanO6NH5Hp3c2FS9kFKren3L8PoKM2a9zHmcjoeDc78KeZVKw5ePy+pd41dxx8I9VOM3jpa3eb7A==",
      "requires": {
        "@clevok/message": "0.0.1"
      }
    },
    "@types/wechat-miniprogram": {
      "version": "2.9.4",
      "resolved": "http://192.168.0.15:4873/@types%2fwechat-miniprogram/-/wechat-miniprogram-2.9.4.tgz",
      "integrity": "sha512-qiCkAYgdJm50hTH+UoW8AUVns70Nqw+xwuJ0yRz5TjaiYWX+B0plACbbPzcy3b/KjmumfzLqqsUzEdAMgK8qCw==",
      "dev": true
    },
    "koa-compose": {
      "version": "4.1.0",
      "resolved": "http://192.168.0.15:4873/koa-compose/-/koa-compose-4.1.0.tgz",
      "integrity": "sha512-8ODW8TrDuMYvXRwra/Kh7/rJo9BtOfPc6qO8eAfC80CnCvSjSl0bkRM24X6/XBBEyj0v1nRUQ1LyOy3dbqOWXw=="
    }
  }
}
